
Microsoft Visual Studio Solution File, Format Version 12.00
# Visual Studio Version 17
VisualStudioVersion = 17.9.34622.214
MinimumVisualStudioVersion = 10.0.40219.1
Project("{9A19103F-16F7-4668-BE54-9A1E7A4F7556}") = "API", "API.csproj", "{8F46B7F8-55F0-43E3-84AE-92C8C33BA4AA}"
EndProject
Project("{9A19103F-16F7-4668-BE54-9A1E7A4F7556}") = "DAL", "..\DAL\DAL.csproj", "{9D7DC3EB-B181-4A68-BCD1-58787B32253C}"
EndProject
Project("{9A19103F-16F7-4668-BE54-9A1E7A4F7556}") = "Service", "..\Logic\Service.csproj", "{D8EE24A6-08F7-42AB-A5DB-DA0D547E38E8}"
EndProject
Project("{9A19103F-16F7-4668-BE54-9A1E7A4F7556}") = "Tests", "..\Tests\Tests.csproj", "{45171201-6B7B-4DA6-82E7-B44F4AD8C9DF}"
EndProject
Global
	GlobalSection(SolutionConfigurationPlatforms) = preSolution
		Debug|Any CPU = Debug|Any CPU
		Release|Any CPU = Release|Any CPU
	EndGlobalSection
	GlobalSection(ProjectConfigurationPlatforms) = postSolution
		{8F46B7F8-55F0-43E3-84AE-92C8C33BA4AA}.Debug|Any CPU.ActiveCfg = Debug|Any CPU
		{8F46B7F8-55F0-43E3-84AE-92C8C33BA4AA}.Debug|Any CPU.Build.0 = Debug|Any CPU
		{8F46B7F8-55F0-43E3-84AE-92C8C33BA4AA}.Release|Any CPU.ActiveCfg = Release|Any CPU
		{8F46B7F8-55F0-43E3-84AE-92C8C33BA4AA}.Release|Any CPU.Build.0 = Release|Any CPU
		{9D7DC3EB-B181-4A68-BCD1-58787B32253C}.Debug|Any CPU.ActiveCfg = Debug|Any CPU
		{9D7DC3EB-B181-4A68-BCD1-58787B32253C}.Debug|Any CPU.Build.0 = Debug|Any CPU
		{9D7DC3EB-B181-4A68-BCD1-58787B32253C}.Release|Any CPU.ActiveCfg = Release|Any CPU
		{9D7DC3EB-B181-4A68-BCD1-58787B32253C}.Release|Any CPU.Build.0 = Release|Any CPU
		{D8EE24A6-08F7-42AB-A5DB-DA0D547E38E8}.Debug|Any CPU.ActiveCfg = Debug|Any CPU
		{D8EE24A6-08F7-42AB-A5DB-DA0D547E38E8}.Debug|Any CPU.Build.0 = Debug|Any CPU
		{D8EE24A6-08F7-42AB-A5DB-DA0D547E38E8}.Release|Any CPU.ActiveCfg = Release|Any CPU
		{D8EE24A6-08F7-42AB-A5DB-DA0D547E38E8}.Release|Any CPU.Build.0 = Release|Any CPU
		{45171201-6B7B-4DA6-82E7-B44F4AD8C9DF}.Debug|Any CPU.ActiveCfg = Debug|Any CPU
		{45171201-6B7B-4DA6-82E7-B44F4AD8C9DF}.Debug|Any CPU.Build.0 = Debug|Any CPU
		{45171201-6B7B-4DA6-82E7-B44F4AD8C9DF}.Release|Any CPU.ActiveCfg = Release|Any CPU
		{45171201-6B7B-4DA6-82E7-B44F4AD8C9DF}.Release|Any CPU.Build.0 = Release|Any CPU
	EndGlobalSection
	GlobalSection(SolutionProperties) = preSolution
		HideSolutionNode = FALSE
	EndGlobalSection
	GlobalSection(ExtensibilityGlobals) = postSolution
		SolutionGuid = {FA045DB8-7394-4CB8-AD06-911925CD1E3F}
	EndGlobalSection
EndGlobal
